
Microsoft Visual Studio Solution File, Format Version 12.00
# Visual Studio 2012
Project("{2150E333-8FDC-42A3-9474-1A3956D46DE8}") = "Solution Items", "Solution Items", "{6445B2A3-9E05-4ABF-AE2E-C875773B277A}"
	ProjectSection(SolutionItems) = preProject
		..\README.markdown = ..\README.markdown
	EndProjectSection
EndProject
Project("{FAE04EC0-301F-11D3-BF4B-00C04F79EFBC}") = "CsvHelper", "CsvHelper\CsvHelper.csproj", "{968A4E7C-B1E9-457E-B1F9-A774E68926C6}"
EndProject
Project("{FAE04EC0-301F-11D3-BF4B-00C04F79EFBC}") = "CsvHelper.Example", "CsvHelper.Example\CsvHelper.Example.csproj", "{A7E0B5A0-BCF6-4FDA-A5C0-51C5C0D9DD19}"
EndProject
Project("{FAE04EC0-301F-11D3-BF4B-00C04F79EFBC}") = "CsvHelper.Tests", "CsvHelper.Tests\CsvHelper.Tests.csproj", "{AB3E6DA8-0419-4341-89E0-3EFDF0ECA9D2}"
EndProject
Project("{2150E333-8FDC-42A3-9474-1A3956D46DE8}") = ".nuget", ".nuget", "{3EBB2EEF-29C1-48E4-8416-D7FFDE004AA2}"
	ProjectSection(SolutionItems) = preProject
		.nuget\NuGet.targets = .nuget\NuGet.targets
	EndProjectSection
EndProject
Project("{FAE04EC0-301F-11D3-BF4B-00C04F79EFBC}") = "CsvHelper.SpeedTests", "CsvHelper.SpeedTests\CsvHelper.SpeedTests.csproj", "{6F8B2AB9-A296-4003-9A55-A8113D4B0028}"
EndProject
Global
	GlobalSection(SolutionConfigurationPlatforms) = preSolution
		Debug|Any CPU = Debug|Any CPU
		Debug|ARM = Debug|ARM
		Debug|Mixed Platforms = Debug|Mixed Platforms
		Debug|x64 = Debug|x64
		Debug|x86 = Debug|x86
		Release|Any CPU = Release|Any CPU
		Release|ARM = Release|ARM
		Release|Mixed Platforms = Release|Mixed Platforms
		Release|x64 = Release|x64
		Release|x86 = Release|x86
	EndGlobalSection
	GlobalSection(ProjectConfigurationPlatforms) = postSolution
		{968A4E7C-B1E9-457E-B1F9-A774E68926C6}.Debug|Any CPU.ActiveCfg = Debug|Any CPU
		{968A4E7C-B1E9-457E-B1F9-A774E68926C6}.Debug|Any CPU.Build.0 = Debug|Any CPU
		{968A4E7C-B1E9-457E-B1F9-A774E68926C6}.Debug|ARM.ActiveCfg = Debug|Any CPU
		{968A4E7C-B1E9-457E-B1F9-A774E68926C6}.Debug|Mixed Platforms.ActiveCfg = Debug|Any CPU
		{968A4E7C-B1E9-457E-B1F9-A774E68926C6}.Debug|Mixed Platforms.Build.0 = Debug|Any CPU
		{968A4E7C-B1E9-457E-B1F9-A774E68926C6}.Debug|x64.ActiveCfg = Debug|Any CPU
		{968A4E7C-B1E9-457E-B1F9-A774E68926C6}.Debug|x86.ActiveCfg = Debug|Any CPU
		{968A4E7C-B1E9-457E-B1F9-A774E68926C6}.Release|Any CPU.ActiveCfg = Release|Any CPU
		{968A4E7C-B1E9-457E-B1F9-A774E68926C6}.Release|Any CPU.Build.0 = Release|Any CPU
		{968A4E7C-B1E9-457E-B1F9-A774E68926C6}.Release|ARM.ActiveCfg = Release|Any CPU
		{968A4E7C-B1E9-457E-B1F9-A774E68926C6}.Release|Mixed Platforms.ActiveCfg = Release|Any CPU
		{968A4E7C-B1E9-457E-B1F9-A774E68926C6}.Release|Mixed Platforms.Build.0 = Release|Any CPU
		{968A4E7C-B1E9-457E-B1F9-A774E68926C6}.Release|x64.ActiveCfg = Release|Any CPU
		{968A4E7C-B1E9-457E-B1F9-A774E68926C6}.Release|x86.ActiveCfg = Release|Any CPU
		{A7E0B5A0-BCF6-4FDA-A5C0-51C5C0D9DD19}.Debug|Any CPU.ActiveCfg = Debug|Any CPU
		{A7E0B5A0-BCF6-4FDA-A5C0-51C5C0D9DD19}.Debug|Any CPU.Build.0 = Debug|Any CPU
		{A7E0B5A0-BCF6-4FDA-A5C0-51C5C0D9DD19}.Debug|ARM.ActiveCfg = Debug|Any CPU
		{A7E0B5A0-BCF6-4FDA-A5C0-51C5C0D9DD19}.Debug|Mixed Platforms.ActiveCfg = Debug|Any CPU
		{A7E0B5A0-BCF6-4FDA-A5C0-51C5C0D9DD19}.Debug|Mixed Platforms.Build.0 = Debug|Any CPU
		{A7E0B5A0-BCF6-4FDA-A5C0-51C5C0D9DD19}.Debug|x64.ActiveCfg = Debug|Any CPU
		{A7E0B5A0-BCF6-4FDA-A5C0-51C5C0D9DD19}.Debug|x86.ActiveCfg = Debug|Any CPU
		{A7E0B5A0-BCF6-4FDA-A5C0-51C5C0D9DD19}.Release|Any CPU.ActiveCfg = Release|Any CPU
		{A7E0B5A0-BCF6-4FDA-A5C0-51C5C0D9DD19}.Release|Any CPU.Build.0 = Release|Any CPU
		{A7E0B5A0-BCF6-4FDA-A5C0-51C5C0D9DD19}.Release|ARM.ActiveCfg = Release|Any CPU
		{A7E0B5A0-BCF6-4FDA-A5C0-51C5C0D9DD19}.Release|Mixed Platforms.ActiveCfg = Release|Any CPU
		{A7E0B5A0-BCF6-4FDA-A5C0-51C5C0D9DD19}.Release|Mixed Platforms.Build.0 = Release|Any CPU
		{A7E0B5A0-BCF6-4FDA-A5C0-51C5C0D9DD19}.Release|x64.ActiveCfg = Release|Any CPU
		{A7E0B5A0-BCF6-4FDA-A5C0-51C5C0D9DD19}.Release|x86.ActiveCfg = Release|Any CPU
		{AB3E6DA8-0419-4341-89E0-3EFDF0ECA9D2}.Debug|Any CPU.ActiveCfg = Debug|Any CPU
		{AB3E6DA8-0419-4341-89E0-3EFDF0ECA9D2}.Debug|Any CPU.Build.0 = Debug|Any CPU
		{AB3E6DA8-0419-4341-89E0-3EFDF0ECA9D2}.Debug|ARM.ActiveCfg = Debug|Any CPU
		{AB3E6DA8-0419-4341-89E0-3EFDF0ECA9D2}.Debug|Mixed Platforms.ActiveCfg = Debug|Any CPU
		{AB3E6DA8-0419-4341-89E0-3EFDF0ECA9D2}.Debug|Mixed Platforms.Build.0 = Debug|Any CPU
		{AB3E6DA8-0419-4341-89E0-3EFDF0ECA9D2}.Debug|x64.ActiveCfg = Debug|Any CPU
		{AB3E6DA8-0419-4341-89E0-3EFDF0ECA9D2}.Debug|x86.ActiveCfg = Debug|Any CPU
		{AB3E6DA8-0419-4341-89E0-3EFDF0ECA9D2}.Release|Any CPU.ActiveCfg = Release|Any CPU
		{AB3E6DA8-0419-4341-89E0-3EFDF0ECA9D2}.Release|Any CPU.Build.0 = Release|Any CPU
		{AB3E6DA8-0419-4341-89E0-3EFDF0ECA9D2}.Release|ARM.ActiveCfg = Release|Any CPU
		{AB3E6DA8-0419-4341-89E0-3EFDF0ECA9D2}.Release|Mixed Platforms.ActiveCfg = Release|Any CPU
		{AB3E6DA8-0419-4341-89E0-3EFDF0ECA9D2}.Release|Mixed Platforms.Build.0 = Release|Any CPU
		{AB3E6DA8-0419-4341-89E0-3EFDF0ECA9D2}.Release|x64.ActiveCfg = Release|Any CPU
		{AB3E6DA8-0419-4341-89E0-3EFDF0ECA9D2}.Release|x86.ActiveCfg = Release|Any CPU
		{6F8B2AB9-A296-4003-9A55-A8113D4B0028}.Debug|Any CPU.ActiveCfg = Debug|Any CPU
		{6F8B2AB9-A296-4003-9A55-A8113D4B0028}.Debug|Any CPU.Build.0 = Debug|Any CPU
		{6F8B2AB9-A296-4003-9A55-A8113D4B0028}.Debug|ARM.ActiveCfg = Debug|Any CPU
		{6F8B2AB9-A296-4003-9A55-A8113D4B0028}.Debug|Mixed Platforms.ActiveCfg = Debug|Any CPU
		{6F8B2AB9-A296-4003-9A55-A8113D4B0028}.Debug|Mixed Platforms.Build.0 = Debug|Any CPU
		{6F8B2AB9-A296-4003-9A55-A8113D4B0028}.Debug|x64.ActiveCfg = Debug|Any CPU
		{6F8B2AB9-A296-4003-9A55-A8113D4B0028}.Debug|x86.ActiveCfg = Debug|Any CPU
		{6F8B2AB9-A296-4003-9A55-A8113D4B0028}.Release|Any CPU.ActiveCfg = Release|Any CPU
		{6F8B2AB9-A296-4003-9A55-A8113D4B0028}.Release|Any CPU.Build.0 = Release|Any CPU
		{6F8B2AB9-A296-4003-9A55-A8113D4B0028}.Release|ARM.ActiveCfg = Release|Any CPU
		{6F8B2AB9-A296-4003-9A55-A8113D4B0028}.Release|Mixed Platforms.ActiveCfg = Release|Any CPU
		{6F8B2AB9-A296-4003-9A55-A8113D4B0028}.Release|Mixed Platforms.Build.0 = Release|Any CPU
		{6F8B2AB9-A296-4003-9A55-A8113D4B0028}.Release|x64.ActiveCfg = Release|Any CPU
		{6F8B2AB9-A296-4003-9A55-A8113D4B0028}.Release|x86.ActiveCfg = Release|Any CPU
	EndGlobalSection
	GlobalSection(SolutionProperties) = preSolution
		HideSolutionNode = FALSE
	EndGlobalSection
EndGlobal
